# THIS IS AN AUTOGENERATED FILE. DO NOT EDIT THIS FILE DIRECTLY.
# yarn lockfile v1


vuepress-theme-vue@^1.1.0:
  version "1.1.0"
  resolved "http://registry.npm.taobao.org/vuepress-theme-vue/download/vuepress-theme-vue-1.1.0.tgz#8b109e3db8cad7b18459f4d77076808110c2bcaa"
  integrity sha1-ixCePbjK17GEWfTXcHaAgRDCvKo=
